// !$*UTF8*$!
{
	archiveVersion = 1;
	classes = {
	};
	objectVersion = 50;
	objects = {

/* Begin PBXBuildFile section */
		EE3F656F250959FC00F5EE17 /* FusedBeaconManager.swift in Sources */ = {isa = PBXBuildFile; fileRef = EE3F656E250959FC00F5EE17 /* FusedBeaconManager.swift */; };
		EE3F65712509996D00F5EE17 /* HammingEcc.swift in Sources */ = {isa = PBXBuildFile; fileRef = EE3F65702509996D00F5EE17 /* HammingEcc.swift */; };
		EEB8F0C724F1777800A57863 /* AppDelegate.swift in Sources */ = {isa = PBXBuildFile; fileRef = EEB8F0C624F1777800A57863 /* AppDelegate.swift */; };
		EEB8F0C924F1777800A57863 /* SceneDelegate.swift in Sources */ = {isa = PBXBuildFile; fileRef = EEB8F0C824F1777800A57863 /* SceneDelegate.swift */; };
		EEB8F0CB24F1777800A57863 /* ContentView.swift in Sources */ = {isa = PBXBuildFile; fileRef = EEB8F0CA24F1777800A57863 /* ContentView.swift */; };
		EEB8F0CD24F1777A00A57863 /* Assets.xcassets in Resources */ = {isa = PBXBuildFile; fileRef = EEB8F0CC24F1777A00A57863 /* Assets.xcassets */; };
		EEB8F0D024F1777A00A57863 /* Preview Assets.xcassets in Resources */ = {isa = PBXBuildFile; fileRef = EEB8F0CF24F1777A00A57863 /* Preview Assets.xcassets */; };
		EEB8F0D324F1777A00A57863 /* LaunchScreen.storyboard in Resources */ = {isa = PBXBuildFile; fileRef = EEB8F0D124F1777A00A57863 /* LaunchScreen.storyboard */; };
		EEB8F0DE24F1781800A57863 /* BackgroundBeaconManager.swift in Sources */ = {isa = PBXBuildFile; fileRef = EEB8F0DB24F1781800A57863 /* BackgroundBeaconManager.swift */; };
		EEB8F0E024F1781800A57863 /* OverflowAreaUtils.swift in Sources */ = {isa = PBXBuildFile; fileRef = EEB8F0DD24F1781800A57863 /* OverflowAreaUtils.swift */; };
/* End PBXBuildFile section */

/* Begin PBXFileReference section */
		EE3F656E250959FC00F5EE17 /* FusedBeaconManager.swift */ = {isa = PBXFileReference; lastKnownFileType = sourcecode.swift; path = FusedBeaconManager.swift; sourceTree = "<group>"; };
		EE3F65702509996D00F5EE17 /* HammingEcc.swift */ = {isa = PBXFileReference; lastKnownFileType = sourcecode.swift; path = HammingEcc.swift; sourceTree = "<group>"; };
		EEB8F0C324F1777800A57863 /* OverflowAreaBeaconRef.app */ = {isa = PBXFileReference; explicitFileType = wrapper.application; includeInIndex = 0; path = OverflowAreaBeaconRef.app; sourceTree = BUILT_PRODUCTS_DIR; };
		EEB8F0C624F1777800A57863 /* AppDelegate.swift */ = {isa = PBXFileReference; lastKnownFileType = sourcecode.swift; path = AppDelegate.swift; sourceTree = "<group>"; };
		EEB8F0C824F1777800A57863 /* SceneDelegate.swift */ = {isa = PBXFileReference; lastKnownFileType = sourcecode.swift; path = SceneDelegate.swift; sourceTree = "<group>"; };
		EEB8F0CA24F1777800A57863 /* ContentView.swift */ = {isa = PBXFileReference; lastKnownFileType = sourcecode.swift; path = ContentView.swift; sourceTree = "<group>"; };
		EEB8F0CC24F1777A00A57863 /* Assets.xcassets */ = {isa = PBXFileReference; lastKnownFileType = folder.assetcatalog; path = Assets.xcassets; sourceTree = "<group>"; };
		EEB8F0CF24F1777A00A57863 /* Preview Assets.xcassets */ = {isa = PBXFileReference; lastKnownFileType = folder.assetcatalog; path = "Preview Assets.xcassets"; sourceTree = "<group>"; };
		EEB8F0D224F1777A00A57863 /* Base */ = {isa = PBXFileReference; lastKnownFileType = file.storyboard; name = Base; path = Base.lproj/LaunchScreen.storyboard; sourceTree = "<group>"; };
		EEB8F0D424F1777A00A57863 /* Info.plist */ = {isa = PBXFileReference; lastKnownFileType = text.plist.xml; path = Info.plist; sourceTree = "<group>"; };
		EEB8F0DB24F1781800A57863 /* BackgroundBeaconManager.swift */ = {isa = PBXFileReference; fileEncoding = 4; lastKnownFileType = sourcecode.swift; path = BackgroundBeaconManager.swift; sourceTree = "<group>"; };
		EEB8F0DD24F1781800A57863 /* OverflowAreaUtils.swift */ = {isa = PBXFileReference; fileEncoding = 4; lastKnownFileType = sourcecode.swift; path = OverflowAreaUtils.swift; sourceTree = "<group>"; };
/* End PBXFileReference section */

/* Begin PBXFrameworksBuildPhase section */
		EEB8F0C024F1777800A57863 /* Frameworks */ = {
			isa = PBXFrameworksBuildPhase;
			buildActionMask = 2147483647;
			files = (
			);
			runOnlyForDeploymentPostprocessing = 0;
		};
/* End PBXFrameworksBuildPhase section */

/* Begin PBXGroup section */
		EEB8F0BA24F1777800A57863 = {
			isa = PBXGroup;
			children = (
				EEB8F0DA24F1781800A57863 /* OverflowArea */,
				EEB8F0C524F1777800A57863 /* OverflowAreaBeaconRef */,
				EEB8F0C424F1777800A57863 /* Products */,
			);
			sourceTree = "<group>";
		};
		EEB8F0C424F1777800A57863 /* Products */ = {
			isa = PBXGroup;
			children = (
				EEB8F0C324F1777800A57863 /* OverflowAreaBeaconRef.app */,
			);
			name = Products;
			sourceTree = "<group>";
		};
		EEB8F0C524F1777800A57863 /* OverflowAreaBeaconRef */ = {
			isa = PBXGroup;
			children = (
				EEB8F0C624F1777800A57863 /* AppDelegate.swift */,
				EEB8F0C824F1777800A57863 /* SceneDelegate.swift */,
				EEB8F0CA24F1777800A57863 /* ContentView.swift */,
				EEB8F0CC24F1777A00A57863 /* Assets.xcassets */,
				EEB8F0D124F1777A00A57863 /* LaunchScreen.storyboard */,
				EEB8F0D424F1777A00A57863 /* Info.plist */,
				EEB8F0CE24F1777A00A57863 /* Preview Content */,
			);
			path = OverflowAreaBeaconRef;
			sourceTree = "<group>";
		};
		EEB8F0CE24F1777A00A57863 /* Preview Content */ = {
			isa = PBXGroup;
			children = (
				EEB8F0CF24F1777A00A57863 /* Preview Assets.xcassets */,
			);
			path = "Preview Content";
			sourceTree = "<group>";
		};
		EEB8F0DA24F1781800A57863 /* OverflowArea */ = {
			isa = PBXGroup;
			children = (
				EEB8F0DB24F1781800A57863 /* BackgroundBeaconManager.swift */,
				EEB8F0DD24F1781800A57863 /* OverflowAreaUtils.swift */,
				EE3F656E250959FC00F5EE17 /* FusedBeaconManager.swift */,
				EE3F65702509996D00F5EE17 /* HammingEcc.swift */,
			);
			name = OverflowArea;
			path = OverflowAreaBeaconRef/OverflowArea;
			sourceTree = "<group>";
		};
/* End PBXGroup section */

/* Begin PBXNativeTarget section */
		EEB8F0C224F1777800A57863 /* OverflowAreaBeaconRef */ = {
			isa = PBXNativeTarget;
			buildConfigurationList = EEB8F0D724F1777A00A57863 /* Build configuration list for PBXNativeTarget "OverflowAreaBeaconRef" */;
			buildPhases = (
				EEB8F0BF24F1777800A57863 /* Sources */,
				EEB8F0C024F1777800A57863 /* Frameworks */,
				EEB8F0C124F1777800A57863 /* Resources */,
			);
			buildRules = (
			);
			dependencies = (
			);
			name = OverflowAreaBeaconRef;
			productName = OverflowAreaBeaconRef;
			productReference = EEB8F0C324F1777800A57863 /* OverflowAreaBeaconRef.app */;
			productType = "com.apple.product-type.application";
		};
/* End PBXNativeTarget section */

/* Begin PBXProject section */
		EEB8F0BB24F1777800A57863 /* Project object */ = {
			isa = PBXProject;
			attributes = {
				LastSwiftUpdateCheck = 1120;
				LastUpgradeCheck = 1120;
				ORGANIZATIONNAME = davidgyoungtech;
				TargetAttributes = {
					EEB8F0C224F1777800A57863 = {
						CreatedOnToolsVersion = 11.2.1;
					};
				};
			};
			buildConfigurationList = EEB8F0BE24F1777800A57863 /* Build configuration list for PBXProject "OverflowAreaBeaconRef" */;
			compatibilityVersion = "Xcode 9.3";
			developmentRegion = en;
			hasScannedForEncodings = 0;
			knownRegions = (
				en,
				Base,
			);
			mainGroup = EEB8F0BA24F1777800A57863;
			productRefGroup = EEB8F0C424F1777800A57863 /* Products */;
			projectDirPath = "";
			projectRoot = "";
			targets = (
				EEB8F0C224F1777800A57863 /* OverflowAreaBeaconRef */,
			);
		};
/* End PBXProject section */

/* Begin PBXResourcesBuildPhase section */
		EEB8F0C124F1777800A57863 /* Resources */ = {
			isa = PBXResourcesBuildPhase;
			buildActionMask = 2147483647;
			files = (
				EEB8F0D324F1777A00A57863 /* LaunchScreen.storyboard in Resources */,
				EEB8F0D024F1777A00A57863 /* Preview Assets.xcassets in Resources */,
				EEB8F0CD24F1777A00A57863 /* Assets.xcassets in Resources */,
			);
			runOnlyForDeploymentPostprocessing = 0;
		};
/* End PBXResourcesBuildPhase section */

/* Begin PBXSourcesBuildPhase section */
		EEB8F0BF24F1777800A57863 /* Sources */ = {
			isa = PBXSourcesBuildPhase;
			buildActionMask = 2147483647;
			files = (
				EEB8F0E024F1781800A57863 /* OverflowAreaUtils.swift in Sources */,
				EEB8F0C724F1777800A57863 /* AppDelegate.swift in Sources */,
				EEB8F0C924F1777800A57863 /* SceneDelegate.swift in Sources */,
				EEB8F0CB24F1777800A57863 /* ContentView.swift in Sources */,
				EE3F656F250959FC00F5EE17 /* FusedBeaconManager.swift in Sources */,
				EEB8F0DE24F1781800A57863 /* BackgroundBeaconManager.swift in Sources */,
				EE3F65712509996D00F5EE17 /* HammingEcc.swift in Sources */,
			);
			runOnlyForDeploymentPostprocessing = 0;
		};
/* End PBXSourcesBuildPhase section */

/* Begin PBXVariantGroup section */
		EEB8F0D124F1777A00A57863 /* LaunchScreen.storyboard */ = {
			isa = PBXVariantGroup;
			children = (
				EEB8F0D224F1777A00A57863 /* Base */,
			);
			name = LaunchScreen.storyboard;
			sourceTree = "<group>";
		};
/* End PBXVariantGroup section */

/* Begin XCBuildConfiguration section */
		EEB8F0D524F1777A00A57863 /* Debug */ = {
			isa = XCBuildConfiguration;
			buildSettings = {
				ALWAYS_SEARCH_USER_PATHS = NO;
				CLANG_ANALYZER_NONNULL = YES;
				CLANG_ANALYZER_NUMBER_OBJECT_CONVERSION = YES_AGGRESSIVE;
				CLANG_CXX_LANGUAGE_STANDARD = "gnu++14";
				CLANG_CXX_LIBRARY = "libc++";
				CLANG_ENABLE_MODULES = YES;
				CLANG_ENABLE_OBJC_ARC = YES;
				CLANG_ENABLE_OBJC_WEAK = YES;
				CLANG_WARN_BLOCK_CAPTURE_AUTORELEASING = YES;
				CLANG_WARN_BOOL_CONVERSION = YES;
				CLANG_WARN_COMMA = YES;
				CLANG_WARN_CONSTANT_CONVERSION = YES;
				CLANG_WARN_DEPRECATED_OBJC_IMPLEMENTATIONS = YES;
				CLANG_WARN_DIRECT_OBJC_ISA_USAGE = YES_ERROR;
				CLANG_WARN_DOCUMENTATION_COMMENTS = YES;
				CLANG_WARN_EMPTY_BODY = YES;
				CLANG_WARN_ENUM_CONVERSION = YES;
				CLANG_WARN_INFINITE_RECURSION = YES;
				CLANG_WARN_INT_CONVERSION = YES;
				CLANG_WARN_NON_LITERAL_NULL_CONVERSION = YES;
				CLANG_WARN_OBJC_IMPLICIT_RETAIN_SELF = YES;
				CLANG_WARN_OBJC_LITERAL_CONVERSION = YES;
				CLANG_WARN_OBJC_ROOT_CLASS = YES_ERROR;
				CLANG_WARN_RANGE_LOOP_ANALYSIS = YES;
				CLANG_WARN_STRICT_PROTOTYPES = YES;
				CLANG_WARN_SUSPICIOUS_MOVE = YES;
				CLANG_WARN_UNGUARDED_AVAILABILITY = YES_AGGRESSIVE;
				CLANG_WARN_UNREACHABLE_CODE = YES;
				CLANG_WARN__DUPLICATE_METHOD_MATCH = YES;
				COPY_PHASE_STRIP = NO;
				DEBUG_INFORMATION_FORMAT = dwarf;
				ENABLE_STRICT_OBJC_MSGSEND = YES;
				ENABLE_TESTABILITY = YES;
				GCC_C_LANGUAGE_STANDARD = gnu11;
				GCC_DYNAMIC_NO_PIC = NO;
				GCC_NO_COMMON_BLOCKS = YES;
				GCC_OPTIMIZATION_LEVEL = 0;
				GCC_PREPROCESSOR_DEFINITIONS = (
					"DEBUG=1",
					"$(inherited)",
				);
				GCC_WARN_64_TO_32_BIT_CONVERSION = YES;
				GCC_WARN_ABOUT_RETURN_TYPE = YES_ERROR;
				GCC_WARN_UNDECLARED_SELECTOR = YES;
				GCC_WARN_UNINITIALIZED_AUTOS = YES_AGGRESSIVE;
				GCC_WARN_UNUSED_FUNCTION = YES;
				GCC_WARN_UNUSED_VARIABLE = YES;
				IPHONEOS_DEPLOYMENT_TARGET = 13.2;
				MTL_ENABLE_DEBUG_INFO = INCLUDE_SOURCE;
				MTL_FAST_MATH = YES;
				ONLY_ACTIVE_ARCH = YES;
				SDKROOT = iphoneos;
				SWIFT_ACTIVE_COMPILATION_CONDITIONS = DEBUG;
				SWIFT_OPTIMIZATION_LEVEL = "-Onone";
			};
			name = Debug;
		};
		EEB8F0D624F1777A00A57863 /* Release */ = {
			isa = XCBuildConfiguration;
			buildSettings = {
				ALWAYS_SEARCH_USER_PATHS = NO;
				CLANG_ANALYZER_NONNULL = YES;
				CLANG_ANALYZER_NUMBER_OBJECT_CONVERSION = YES_AGGRESSIVE;
				CLANG_CXX_LANGUAGE_STANDARD = "gnu++14";
				CLANG_CXX_LIBRARY = "libc++";
				CLANG_ENABLE_MODULES = YES;
				CLANG_ENABLE_OBJC_ARC = YES;
				CLANG_ENABLE_OBJC_WEAK = YES;
				CLANG_WARN_BLOCK_CAPTURE_AUTORELEASING = YES;
				CLANG_WARN_BOOL_CONVERSION = YES;
				CLANG_WARN_COMMA = YES;
				CLANG_WARN_CONSTANT_CONVERSION = YES;
				CLANG_WARN_DEPRECATED_OBJC_IMPLEMENTATIONS = YES;
				CLANG_WARN_DIRECT_OBJC_ISA_USAGE = YES_ERROR;
				CLANG_WARN_DOCUMENTATION_COMMENTS = YES;
				CLANG_WARN_EMPTY_BODY = YES;
				CLANG_WARN_ENUM_CONVERSION = YES;
				CLANG_WARN_INFINITE_RECURSION = YES;
				CLANG_WARN_INT_CONVERSION = YES;
				CLANG_WARN_NON_LITERAL_NULL_CONVERSION = YES;
				CLANG_WARN_OBJC_IMPLICIT_RETAIN_SELF = YES;
				CLANG_WARN_OBJC_LITERAL_CONVERSION = YES;
				CLANG_WARN_OBJC_ROOT_CLASS = YES_ERROR;
				CLANG_WARN_RANGE_LOOP_ANALYSIS = YES;
				CLANG_WARN_STRICT_PROTOTYPES = YES;
				CLANG_WARN_SUSPICIOUS_MOVE = YES;
				CLANG_WARN_UNGUARDED_AVAILABILITY = YES_AGGRESSIVE;
				CLANG_WARN_UNREACHABLE_CODE = YES;
				CLANG_WARN__DUPLICATE_METHOD_MATCH = YES;
				COPY_PHASE_STRIP = NO;
				DEBUG_INFORMATION_FORMAT = "dwarf-with-dsym";
				ENABLE_NS_ASSERTIONS = NO;
				ENABLE_STRICT_OBJC_MSGSEND = YES;
				GCC_C_LANGUAGE_STANDARD = gnu11;
				GCC_NO_COMMON_BLOCKS = YES;
				GCC_WARN_64_TO_32_BIT_CONVERSION = YES;
				GCC_WARN_ABOUT_RETURN_TYPE = YES_ERROR;
				GCC_WARN_UNDECLARED_SELECTOR = YES;
				GCC_WARN_UNINITIALIZED_AUTOS = YES_AGGRESSIVE;
				GCC_WARN_UNUSED_FUNCTION = YES;
				GCC_WARN_UNUSED_VARIABLE = YES;
				IPHONEOS_DEPLOYMENT_TARGET = 13.2;
				MTL_ENABLE_DEBUG_INFO = NO;
				MTL_FAST_MATH = YES;
				SDKROOT = iphoneos;
				SWIFT_COMPILATION_MODE = wholemodule;
				SWIFT_OPTIMIZATION_LEVEL = "-O";
				VALIDATE_PRODUCT = YES;
			};
			name = Release;
		};
		EEB8F0D824F1777A00A57863 /* Debug */ = {
			isa = XCBuildConfiguration;
			buildSettings = {
				ASSETCATALOG_COMPILER_APPICON_NAME = AppIcon;
				CODE_SIGN_STYLE = Automatic;
				DEVELOPMENT_ASSET_PATHS = "\"OverflowAreaBeaconRef/Preview Content\"";
				DEVELOPMENT_TEAM = A9DFQ3872A;
				ENABLE_PREVIEWS = YES;
				INFOPLIST_FILE = OverflowAreaBeaconRef/Info.plist;
				LD_RUNPATH_SEARCH_PATHS = (
					"$(inherited)",
					"@executable_path/Frameworks",
				);
				PRODUCT_BUNDLE_IDENTIFIER = com.davidgyoungtech.OverflowAreaBeaconRef;
				PRODUCT_NAME = "$(TARGET_NAME)";
				SWIFT_VERSION = 5.0;
				TARGETED_DEVICE_FAMILY = "1,2";
			};
			name = Debug;
		};
		EEB8F0D924F1777A00A57863 /* Release */ = {
			isa = XCBuildConfiguration;
			buildSettings = {
				ASSETCATALOG_COMPILER_APPICON_NAME = AppIcon;
				CODE_SIGN_STYLE = Automatic;
				DEVELOPMENT_ASSET_PATHS = "\"OverflowAreaBeaconRef/Preview Content\"";
				DEVELOPMENT_TEAM = A9DFQ3872A;
				ENABLE_PREVIEWS = YES;
				INFOPLIST_FILE = OverflowAreaBeaconRef/Info.plist;
				LD_RUNPATH_SEARCH_PATHS = (
					"$(inherited)",
					"@executable_path/Frameworks",
				);
				PRODUCT_BUNDLE_IDENTIFIER = com.davidgyoungtech.OverflowAreaBeaconRef;
				PRODUCT_NAME = "$(TARGET_NAME)";
				SWIFT_VERSION = 5.0;
				TARGETED_DEVICE_FAMILY = "1,2";
			};
			name = Release;
		};
/* End XCBuildConfiguration section */

/* Begin XCConfigurationList section */
		EEB8F0BE24F1777800A57863 /* Build configuration list for PBXProject "OverflowAreaBeaconRef" */ = {
			isa = XCConfigurationList;
			buildConfigurations = (
				EEB8F0D524F1777A00A57863 /* Debug */,
				EEB8F0D624F1777A00A57863 /* Release */,
			);
			defaultConfigurationIsVisible = 0;
			defaultConfigurationName = Release;
		};
		EEB8F0D724F1777A00A57863 /* Build configuration list for PBXNativeTarget "OverflowAreaBeaconRef" */ = {
			isa = XCConfigurationList;
			buildConfigurations = (
				EEB8F0D824F1777A00A57863 /* Debug */,
				EEB8F0D924F1777A00A57863 /* Release */,
			);
			defaultConfigurationIsVisible = 0;
			defaultConfigurationName = Release;
		};
/* End XCConfigurationList section */
	};
	rootObject = EEB8F0BB24F1777800A57863 /* Project object */;
}
